
Microsoft Visual Studio Solution File, Format Version 12.00
# Visual Studio Version 17
VisualStudioVersion = 17.10.34928.147
MinimumVisualStudioVersion = 10.0.40219.1
Project("{9A19103F-16F7-4668-BE54-9A1E7A4F7556}") = "example", "example\example.csproj", "{6B49FEB7-708C-4D8A-A756-51E972DBBA2E}"
EndProject
Project("{FAE04EC0-301F-11D3-BF4B-00C04F79EFBC}") = "lab3", "lab3\lab3.csproj", "{B331FB08-2F87-454E-B06E-757880B62371}"
EndProject
Global
	GlobalSection(SolutionConfigurationPlatforms) = preSolution
		Debug|Any CPU = Debug|Any CPU
		Release|Any CPU = Release|Any CPU
	EndGlobalSection
	GlobalSection(ProjectConfigurationPlatforms) = postSolution
		{6B49FEB7-708C-4D8A-A756-51E972DBBA2E}.Debug|Any CPU.ActiveCfg = Debug|Any CPU
		{6B49FEB7-708C-4D8A-A756-51E972DBBA2E}.Debug|Any CPU.Build.0 = Debug|Any CPU
		{6B49FEB7-708C-4D8A-A756-51E972DBBA2E}.Release|Any CPU.ActiveCfg = Release|Any CPU
		{6B49FEB7-708C-4D8A-A756-51E972DBBA2E}.Release|Any CPU.Build.0 = Release|Any CPU
		{B331FB08-2F87-454E-B06E-757880B62371}.Debug|Any CPU.ActiveCfg = Debug|Any CPU
		{B331FB08-2F87-454E-B06E-757880B62371}.Debug|Any CPU.Build.0 = Debug|Any CPU
		{B331FB08-2F87-454E-B06E-757880B62371}.Release|Any CPU.ActiveCfg = Release|Any CPU
		{B331FB08-2F87-454E-B06E-757880B62371}.Release|Any CPU.Build.0 = Release|Any CPU
	EndGlobalSection
	GlobalSection(SolutionProperties) = preSolution
		HideSolutionNode = FALSE
	EndGlobalSection
	GlobalSection(ExtensibilityGlobals) = postSolution
		SolutionGuid = {797627C4-9655-4B91-ADE9-CFFBD494910C}
	EndGlobalSection
EndGlobal
